{"version":4,"terraform_version":"1.10.6","serial":11,"lineage":"632aab47-e465-7ec9-b208-755f0cb70545","outputs":{"database_url":{"value":"postgresql://postgres:changeme@localhost:5434/velpdevdb","type":"string","sensitive":true},"next_steps":{"value":"\nYour infrastructure is ready! Next steps:\n\n1. Start the database:\n   docker-compose up -d\n\n2. Check it's running:\n   docker-compose ps\n\n3. View logs:\n   docker-compose logs postgres\n\n4. Connect from your backend using:\n   postgresql://postgres:changeme@localhost:5434/velpdevdb\n","type":"string","sensitive":true}},"resources":[{"mode":"managed","type":"local_file","name":"env_file","provider":"provider[\"registry.opentofu.org/hashicorp/local\"]","instances":[{"schema_version":0,"attributes":{"content":"# VelPharma Environment Configuration\n# Generated by OpenTofu\n\n# Database Configuration\nPOSTGRES_DB=velpdevdb\nPOSTGRES_USER=postgres\nPOSTGRES_PASSWORD=changeme\nPOSTGRES_PORT=5434\n\n# Project Configuration\nPROJECT_NAME=velpharma\nENVIRONMENT=dev\n\n# Database Connection String for Backend\nDATABASE_URL=postgresql://postgres:changeme@localhost:5434/velpdevdb\n","content_base64":null,"content_base64sha256":"FL1eX5cgqqIGDX5ymNNyqeJljbRgb4WCzZZtj1Ief+Y=","content_base64sha512":"55uPRwZl5nqg0tyhkVDkxU5iY90tKw/17h9epmgSd75TEVhZlqmj41oiL7iwMDCqcONgBv1WepFbI5Y6GmViYg==","content_md5":"3d19d15fec8cda27c69873fb1b20bf76","content_sha1":"c02e0a14b505c7ddd94c568a5ad584b157e639f3","content_sha256":"14bd5e5f9720aaa2060d7e7298d372a9e2658db4606f8582cd966d8f521e7fe6","content_sha512":"e79b8f470665e67aa0d2dca19150e4c54e6263dd2d2b0ff5ee1f5ea6681277be5311585996a9a3e35a222fb8b03030aa70e36006fd567a915b23963a1a656262","directory_permission":"0777","file_permission":"0644","filename":"./.env","id":"c02e0a14b505c7ddd94c568a5ad584b157e639f3","sensitive_content":null,"source":null},"sensitive_attributes":[[{"type":"get_attr","value":"content"}],[{"type":"get_attr","value":"sensitive_content"}]]}]},{"mode":"managed","type":"local_file","name":"readme","provider":"provider[\"registry.opentofu.org/hashicorp/local\"]","instances":[{"schema_version":0,"attributes":{"content":"# VelPharma Infrastructure\n\n## Overview\nThis project manages the VelPharma infrastructure using OpenTofu and Docker.\n\n## Structure\n```\n.\n├── postgres/           # PostgreSQL database\n│   ├── Dockerfile\n│   └── init/          # Database initialization scripts\n│       ├── 01-create-user.sql\n│       ├── 02-create-schema.sql\n│       └── 03-create-extensions.sql\n├── backend/           # Backend service (coming soon)\n├── frontend/          # Frontend service (coming soon)\n├── docker-compose.yml # Service orchestration\n├── main.tf            # OpenTofu main configuration\n└── variables.tf       # Configuration variables\n```\n\n## Getting Started\n\n### Prerequisites\n- Docker Desktop for Mac\n- OpenTofu CLI\n\n### Setup\n1. Initialize OpenTofu:\n   ```bash\n   tofu init\n   ```\n\n2. Apply configuration:\n   ```bash\n   tofu apply\n   ```\n\n3. Start the services:\n   ```bash\n   docker-compose up -d\n   ```\n\n4. Check database is running:\n   ```bash\n   docker-compose ps\n   docker-compose logs postgres\n   ```\n\n### Connecting to the Database\n- **Host:** localhost\n- **Port:** 5434\n- **Database:** velpdevdb\n- **User:** postgres\n- **Password:** changeme\n\nConnection string (for your backend):\n```\npostgresql://postgres:changeme@localhost:5434/velpdevdb\n```\n\n### Useful Commands\n```bash\n# Start all services\ndocker-compose up -d\n\n# Stop all services\ndocker-compose down\n\n# View logs\ndocker-compose logs -f postgres\n\n# Access PostgreSQL CLI\ndocker-compose exec postgres psql -U postgres -d velpdevdb\n\n# Rebuild after changes\ndocker-compose up -d --build\n```\n\n## Future Plans\n- [ ] Add backend service container\n- [ ] Add frontend service container\n- [ ] Configure for Kubernetes deployment\n- [ ] Add CI/CD pipeline\n","content_base64":null,"content_base64sha256":"xrnj75UBarymGqz/WhqlczYz7CW1p91uG60PrVmP9og=","content_base64sha512":"HcPQC7OgQDP51mqvZdX+GXASi+LYHhxrS4K0wuY93Zi+1OJdP9K1ouDGogTpXJzpvNRXCnF28VzNiDZZTyqN7g==","content_md5":"3c9dd4d47d6f40f0d5d4f5effba62a1d","content_sha1":"3be70d645e6ccbcd33b5e37dc26aa1fc4570662f","content_sha256":"c6b9e3ef95016abca61aacff5a1aa5733633ec25b5a7dd6e1bad0fad598ff688","content_sha512":"1dc3d00bb3a04033f9d66aaf65d5fe1970128be2d81e1c6b4b82b4c2e63ddd98bed4e25d3fd2b5a2e0c6a204e95c9ce9bcd4570a7176f15ccd8836594f2a8dee","directory_permission":"0777","file_permission":"0644","filename":"./README.md","id":"3be70d645e6ccbcd33b5e37dc26aa1fc4570662f","sensitive_content":null,"source":null},"sensitive_attributes":[[{"type":"get_attr","value":"content"}],[{"type":"get_attr","value":"sensitive_content"}]]}]}],"check_results":null}
